{
  "originHash" : "0e8e3a59939e08bc0a4ed72f2dbd0815fb6d8a6d4ff1703d9d9b3d954e2291be",
  "pins" : [
    {
      "identity" : "swift-syntax",
      "kind" : "remoteSourceControl",
      "location" : "https://github.com/swiftlang/swift-syntax.git",
      "state" : {
        "revision" : "4799286537280063c85a32f09884cfbca301b1a1",
        "version" : "602.0.0"
      }
    },
    {
      "identity" : "swift-testing",
      "kind" : "remoteSourceControl",
      "location" : "https://github.com/swiftlang/swift-testing.git",
      "state" : {
        "revision" : "3fdabe5392108d874abae1c1e58e1328ab46f681",
        "version" : "6.2.0"
      }
    }
  ],
  "version" : 3
}
